# THIS IS AN AUTOGENERATED FILE. DO NOT EDIT THIS FILE DIRECTLY.
# yarn lockfile v1


"@angular-devkit/architect@>=0.901.0":
  version "0.1100.2"
  resolved "https://registry.npmjs.org/@angular-devkit/architect/-/architect-0.1100.2.tgz"
  dependencies:
    "@angular-devkit/core" "11.0.2"
    rxjs "6.6.3"

"@angular-devkit/core@11.0.2":
  version "11.0.2"
  resolved "https://registry.npmjs.org/@angular-devkit/core/-/core-11.0.2.tgz"
  dependencies:
    ajv "6.12.6"
    fast-json-stable-stringify "2.1.0"
    magic-string "0.25.7"
    rxjs "6.6.3"
    source-map "0.7.3"

ajv@6.12.6:
  version "6.12.6"
  resolved "https://registry.npmjs.org/ajv/-/ajv-6.12.6.tgz"
  dependencies:
    fast-deep-equal "^3.1.1"
    fast-json-stable-stringify "^2.0.0"
    json-schema-traverse "^0.4.1"
    uri-js "^4.2.2"

fast-deep-equal@^3.1.1:
  version "3.1.1"
  resolved "https://registry.npmjs.org/fast-deep-equal/-/fast-deep-equal-3.1.1.tgz"

fast-json-stable-stringify@2.1.0, fast-json-stable-stringify@^2.0.0:
  version "2.1.0"
  resolved "https://registry.npmjs.org/fast-json-stable-stringify/-/fast-json-stable-stringify-2.1.0.tgz"

json-schema-traverse@^0.4.1:
  version "0.4.1"
  resolved "https://registry.npmjs.org/json-schema-traverse/-/json-schema-traverse-0.4.1.tgz"

magic-string@0.25.7:
  version "0.25.7"
  resolved "https://registry.npmjs.org/magic-string/-/magic-string-0.25.7.tgz"
  dependencies:
    sourcemap-codec "^1.4.4"

punycode@^2.1.0:
  version "2.1.1"
  resolved "https://registry.npmjs.org/punycode/-/punycode-2.1.1.tgz"

rxjs@6.6.3, rxjs@>=6.4.0:
  version "6.6.3"
  resolved "https://registry.npmjs.org/rxjs/-/rxjs-6.6.3.tgz"
  dependencies:
    tslib "^1.9.0"

source-map@0.7.3:
  version "0.7.3"
  resolved "https://registry.npmjs.org/source-map/-/source-map-0.7.3.tgz"

sourcemap-codec@^1.4.4:
  version "1.4.8"
  resolved "https://registry.npmjs.org/sourcemap-codec/-/sourcemap-codec-1.4.8.tgz"

tslib@^1.9.0:
  version "1.11.1"
  resolved "https://registry.npmjs.org/tslib/-/tslib-1.11.1.tgz"

uri-js@^4.2.2:
  version "4.2.2"
  resolved "https://registry.npmjs.org/uri-js/-/uri-js-4.2.2.tgz"
  dependencies:
    punycode "^2.1.0"
